// !$*UTF8*$!
{
	archiveVersion = 1;
	classes = {
	};
	objectVersion = 52;
	objects = {

/* Begin PBXBuildFile section */
		5F1226AD272D3550002BDA38 /* GitHubViewerTests.swift in Sources */ = {isa = PBXBuildFile; fileRef = 5F1226AC272D3550002BDA38 /* GitHubViewerTests.swift */; };
		5F22DC8127255DED00BA5DE8 /* Main.swift in Sources */ = {isa = PBXBuildFile; fileRef = 5F22DC5827255DEA00BA5DE8 /* Main.swift */; };
		5F22DC8527255DED00BA5DE8 /* Assets.xcassets in Resources */ = {isa = PBXBuildFile; fileRef = 5F22DC5A27255DEC00BA5DE8 /* Assets.xcassets */; };
		5F38FD1A273279A700928A66 /* Root in Frameworks */ = {isa = PBXBuildFile; productRef = 5F38FD19273279A700928A66 /* Root */; };
/* End PBXBuildFile section */

/* Begin PBXContainerItemProxy section */
		5F1226AF272D3550002BDA38 /* PBXContainerItemProxy */ = {
			isa = PBXContainerItemProxy;
			containerPortal = 5F22DC5327255DEA00BA5DE8 /* Project object */;
			proxyType = 1;
			remoteGlobalIDString = 5F22DC5E27255DEC00BA5DE8;
			remoteInfo = GitHubViewer;
		};
/* End PBXContainerItemProxy section */

/* Begin PBXFileReference section */
		5F1226A5272D313B002BDA38 /* GitHubViewer.entitlements */ = {isa = PBXFileReference; lastKnownFileType = text.plist.entitlements; path = GitHubViewer.entitlements; sourceTree = "<group>"; };
		5F1226AA272D3550002BDA38 /* GitHubViewerTests.xctest */ = {isa = PBXFileReference; explicitFileType = wrapper.cfbundle; includeInIndex = 0; path = GitHubViewerTests.xctest; sourceTree = BUILT_PRODUCTS_DIR; };
		5F1226AC272D3550002BDA38 /* GitHubViewerTests.swift */ = {isa = PBXFileReference; lastKnownFileType = sourcecode.swift; path = GitHubViewerTests.swift; sourceTree = "<group>"; };
		5F1226AE272D3550002BDA38 /* Info.plist */ = {isa = PBXFileReference; lastKnownFileType = text.plist.xml; path = Info.plist; sourceTree = "<group>"; };
		5F18785F273233E000D9DDD7 /* APIClient */ = {isa = PBXFileReference; lastKnownFileType = folder; path = APIClient; sourceTree = "<group>"; };
		5F18788727323A8D00D9DDD7 /* GitHubAPIRequest */ = {isa = PBXFileReference; lastKnownFileType = folder; path = GitHubAPIRequest; sourceTree = "<group>"; };
		5F18788E2732447F00D9DDD7 /* Repositories */ = {isa = PBXFileReference; lastKnownFileType = folder; path = Repositories; sourceTree = "<group>"; };
		5F1878932732472F00D9DDD7 /* ViewComponents */ = {isa = PBXFileReference; lastKnownFileType = folder; path = ViewComponents; sourceTree = "<group>"; };
		5F22DC5827255DEA00BA5DE8 /* Main.swift */ = {isa = PBXFileReference; lastKnownFileType = sourcecode.swift; path = Main.swift; sourceTree = "<group>"; };
		5F22DC5A27255DEC00BA5DE8 /* Assets.xcassets */ = {isa = PBXFileReference; lastKnownFileType = folder.assetcatalog; path = Assets.xcassets; sourceTree = "<group>"; };
		5F22DC5F27255DED00BA5DE8 /* GitHubViewer.app */ = {isa = PBXFileReference; explicitFileType = wrapper.application; includeInIndex = 0; path = GitHubViewer.app; sourceTree = BUILT_PRODUCTS_DIR; };
		5F22DC6227255DED00BA5DE8 /* Info.plist */ = {isa = PBXFileReference; lastKnownFileType = text.plist.xml; path = Info.plist; sourceTree = "<group>"; };
		5F38FD18273278A200928A66 /* Root */ = {isa = PBXFileReference; lastKnownFileType = folder; path = Root; sourceTree = "<group>"; };
		5F5F587B27326ADE0022E31F /* Home */ = {isa = PBXFileReference; lastKnownFileType = folder; path = Home; sourceTree = "<group>"; };
		5F5F587E27326E310022E31F /* Search */ = {isa = PBXFileReference; lastKnownFileType = folder; path = Search; sourceTree = "<group>"; };
/* End PBXFileReference section */

/* Begin PBXFrameworksBuildPhase section */
		5F1226A7272D3550002BDA38 /* Frameworks */ = {
			isa = PBXFrameworksBuildPhase;
			buildActionMask = 2147483647;
			files = (
			);
			runOnlyForDeploymentPostprocessing = 0;
		};
		5F22DC5C27255DEC00BA5DE8 /* Frameworks */ = {
			isa = PBXFrameworksBuildPhase;
			buildActionMask = 2147483647;
			files = (
				5F38FD1A273279A700928A66 /* Root in Frameworks */,
			);
			runOnlyForDeploymentPostprocessing = 0;
		};
/* End PBXFrameworksBuildPhase section */

/* Begin PBXGroup section */
		5F1226A2272D2FF1002BDA38 /* Frameworks */ = {
			isa = PBXGroup;
			children = (
			);
			name = Frameworks;
			sourceTree = "<group>";
		};
		5F1226AB272D3550002BDA38 /* GitHubViewerTests */ = {
			isa = PBXGroup;
			children = (
				5F1226AC272D3550002BDA38 /* GitHubViewerTests.swift */,
				5F1226AE272D3550002BDA38 /* Info.plist */,
			);
			path = GitHubViewerTests;
			sourceTree = "<group>";
		};
		5F18785E273232CF00D9DDD7 /* Modules */ = {
			isa = PBXGroup;
			children = (
				5F1878932732472F00D9DDD7 /* ViewComponents */,
				5F18788E2732447F00D9DDD7 /* Repositories */,
				5F18788727323A8D00D9DDD7 /* GitHubAPIRequest */,
				5F18785F273233E000D9DDD7 /* APIClient */,
			);
			path = Modules;
			sourceTree = "<group>";
		};
		5F22DC5227255DEA00BA5DE8 = {
			isa = PBXGroup;
			children = (
				5F22DC5727255DEA00BA5DE8 /* App */,
				5F22DC6127255DED00BA5DE8 /* Configurations */,
				5F5F587A27326A960022E31F /* Features */,
				5F1226A2272D2FF1002BDA38 /* Frameworks */,
				5F1226AB272D3550002BDA38 /* GitHubViewerTests */,
				5F18785E273232CF00D9DDD7 /* Modules */,
				5F22DC6027255DED00BA5DE8 /* Products */,
			);
			sourceTree = "<group>";
		};
		5F22DC5727255DEA00BA5DE8 /* App */ = {
			isa = PBXGroup;
			children = (
				5F22DC5827255DEA00BA5DE8 /* Main.swift */,
				5F22DC9A2725624D00BA5DE8 /* Resouces */,
			);
			path = App;
			sourceTree = "<group>";
		};
		5F22DC6027255DED00BA5DE8 /* Products */ = {
			isa = PBXGroup;
			children = (
				5F22DC5F27255DED00BA5DE8 /* GitHubViewer.app */,
				5F1226AA272D3550002BDA38 /* GitHubViewerTests.xctest */,
			);
			name = Products;
			sourceTree = "<group>";
		};
		5F22DC6127255DED00BA5DE8 /* Configurations */ = {
			isa = PBXGroup;
			children = (
				5F22DC6227255DED00BA5DE8 /* Info.plist */,
				5F1226A5272D313B002BDA38 /* GitHubViewer.entitlements */,
			);
			path = Configurations;
			sourceTree = "<group>";
		};
		5F22DC9A2725624D00BA5DE8 /* Resouces */ = {
			isa = PBXGroup;
			children = (
				5F22DC5A27255DEC00BA5DE8 /* Assets.xcassets */,
			);
			path = Resouces;
			sourceTree = "<group>";
		};
		5F5F587A27326A960022E31F /* Features */ = {
			isa = PBXGroup;
			children = (
				5F38FD18273278A200928A66 /* Root */,
				5F5F587E27326E310022E31F /* Search */,
				5F5F587B27326ADE0022E31F /* Home */,
			);
			path = Features;
			sourceTree = "<group>";
		};
/* End PBXGroup section */

/* Begin PBXNativeTarget section */
		5F1226A9272D3550002BDA38 /* GitHubViewerTests */ = {
			isa = PBXNativeTarget;
			buildConfigurationList = 5F1226B1272D3550002BDA38 /* Build configuration list for PBXNativeTarget "GitHubViewerTests" */;
			buildPhases = (
				5F1226A6272D3550002BDA38 /* Sources */,
				5F1226A7272D3550002BDA38 /* Frameworks */,
				5F1226A8272D3550002BDA38 /* Resources */,
			);
			buildRules = (
			);
			dependencies = (
				5F1226B0272D3550002BDA38 /* PBXTargetDependency */,
			);
			name = GitHubViewerTests;
			productName = GitHubViewerTests;
			productReference = 5F1226AA272D3550002BDA38 /* GitHubViewerTests.xctest */;
			productType = "com.apple.product-type.bundle.unit-test";
		};
		5F22DC5E27255DEC00BA5DE8 /* GitHubViewer */ = {
			isa = PBXNativeTarget;
			buildConfigurationList = 5F22DC8927255DED00BA5DE8 /* Build configuration list for PBXNativeTarget "GitHubViewer" */;
			buildPhases = (
				5F22DC5B27255DEC00BA5DE8 /* Sources */,
				5F22DC5C27255DEC00BA5DE8 /* Frameworks */,
				5F22DC5D27255DEC00BA5DE8 /* Resources */,
			);
			buildRules = (
			);
			dependencies = (
			);
			name = GitHubViewer;
			packageProductDependencies = (
				5F38FD19273279A700928A66 /* Root */,
			);
			productName = "GitHubViewer (iOS)";
			productReference = 5F22DC5F27255DED00BA5DE8 /* GitHubViewer.app */;
			productType = "com.apple.product-type.application";
		};
/* End PBXNativeTarget section */

/* Begin PBXProject section */
		5F22DC5327255DEA00BA5DE8 /* Project object */ = {
			isa = PBXProject;
			attributes = {
				LastSwiftUpdateCheck = 1250;
				LastUpgradeCheck = 1250;
				TargetAttributes = {
					5F1226A9272D3550002BDA38 = {
						CreatedOnToolsVersion = 12.5.1;
						TestTargetID = 5F22DC5E27255DEC00BA5DE8;
					};
					5F22DC5E27255DEC00BA5DE8 = {
						CreatedOnToolsVersion = 12.5.1;
					};
				};
			};
			buildConfigurationList = 5F22DC5627255DEA00BA5DE8 /* Build configuration list for PBXProject "GitHubViewer" */;
			compatibilityVersion = "Xcode 9.3";
			developmentRegion = en;
			hasScannedForEncodings = 0;
			knownRegions = (
				en,
				Base,
			);
			mainGroup = 5F22DC5227255DEA00BA5DE8;
			packageReferences = (
			);
			productRefGroup = 5F22DC6027255DED00BA5DE8 /* Products */;
			projectDirPath = "";
			projectRoot = "";
			targets = (
				5F22DC5E27255DEC00BA5DE8 /* GitHubViewer */,
				5F1226A9272D3550002BDA38 /* GitHubViewerTests */,
			);
		};
/* End PBXProject section */

/* Begin PBXResourcesBuildPhase section */
		5F1226A8272D3550002BDA38 /* Resources */ = {
			isa = PBXResourcesBuildPhase;
			buildActionMask = 2147483647;
			files = (
			);
			runOnlyForDeploymentPostprocessing = 0;
		};
		5F22DC5D27255DEC00BA5DE8 /* Resources */ = {
			isa = PBXResourcesBuildPhase;
			buildActionMask = 2147483647;
			files = (
				5F22DC8527255DED00BA5DE8 /* Assets.xcassets in Resources */,
			);
			runOnlyForDeploymentPostprocessing = 0;
		};
/* End PBXResourcesBuildPhase section */

/* Begin PBXSourcesBuildPhase section */
		5F1226A6272D3550002BDA38 /* Sources */ = {
			isa = PBXSourcesBuildPhase;
			buildActionMask = 2147483647;
			files = (
				5F1226AD272D3550002BDA38 /* GitHubViewerTests.swift in Sources */,
			);
			runOnlyForDeploymentPostprocessing = 0;
		};
		5F22DC5B27255DEC00BA5DE8 /* Sources */ = {
			isa = PBXSourcesBuildPhase;
			buildActionMask = 2147483647;
			files = (
				5F22DC8127255DED00BA5DE8 /* Main.swift in Sources */,
			);
			runOnlyForDeploymentPostprocessing = 0;
		};
/* End PBXSourcesBuildPhase section */

/* Begin PBXTargetDependency section */
		5F1226B0272D3550002BDA38 /* PBXTargetDependency */ = {
			isa = PBXTargetDependency;
			target = 5F22DC5E27255DEC00BA5DE8 /* GitHubViewer */;
			targetProxy = 5F1226AF272D3550002BDA38 /* PBXContainerItemProxy */;
		};
/* End PBXTargetDependency section */

/* Begin XCBuildConfiguration section */
		5F1226B2272D3550002BDA38 /* Debug */ = {
			isa = XCBuildConfiguration;
			buildSettings = {
				BUNDLE_LOADER = "$(TEST_HOST)";
				CODE_SIGN_STYLE = Automatic;
				DEVELOPMENT_TEAM = P3T6JXLD8F;
				INFOPLIST_FILE = GitHubViewerTests/Info.plist;
				IPHONEOS_DEPLOYMENT_TARGET = 14.5;
				LD_RUNPATH_SEARCH_PATHS = (
					"$(inherited)",
					"@executable_path/Frameworks",
					"@loader_path/Frameworks",
				);
				PRODUCT_BUNDLE_IDENTIFIER = io.github.darquro.GitHubViewerTests;
				PRODUCT_NAME = "$(TARGET_NAME)";
				SDKROOT = iphoneos;
				SWIFT_VERSION = 5.0;
				TARGETED_DEVICE_FAMILY = "1,2";
				TEST_HOST = "$(BUILT_PRODUCTS_DIR)/GitHubViewer.app/GitHubViewer";
			};
			name = Debug;
		};
		5F1226B3272D3550002BDA38 /* Release */ = {
			isa = XCBuildConfiguration;
			buildSettings = {
				BUNDLE_LOADER = "$(TEST_HOST)";
				CODE_SIGN_STYLE = Automatic;
				DEVELOPMENT_TEAM = P3T6JXLD8F;
				INFOPLIST_FILE = GitHubViewerTests/Info.plist;
				IPHONEOS_DEPLOYMENT_TARGET = 14.5;
				LD_RUNPATH_SEARCH_PATHS = (
					"$(inherited)",
					"@executable_path/Frameworks",
					"@loader_path/Frameworks",
				);
				PRODUCT_BUNDLE_IDENTIFIER = io.github.darquro.GitHubViewerTests;
				PRODUCT_NAME = "$(TARGET_NAME)";
				SDKROOT = iphoneos;
				SWIFT_VERSION = 5.0;
				TARGETED_DEVICE_FAMILY = "1,2";
				TEST_HOST = "$(BUILT_PRODUCTS_DIR)/GitHubViewer.app/GitHubViewer";
				VALIDATE_PRODUCT = YES;
			};
			name = Release;
		};
		5F22DC8727255DED00BA5DE8 /* Debug */ = {
			isa = XCBuildConfiguration;
			buildSettings = {
				ALWAYS_SEARCH_USER_PATHS = NO;
				CLANG_ANALYZER_NONNULL = YES;
				CLANG_ANALYZER_NUMBER_OBJECT_CONVERSION = YES_AGGRESSIVE;
				CLANG_CXX_LANGUAGE_STANDARD = "gnu++14";
				CLANG_CXX_LIBRARY = "libc++";
				CLANG_ENABLE_MODULES = YES;
				CLANG_ENABLE_OBJC_ARC = YES;
				CLANG_ENABLE_OBJC_WEAK = YES;
				CLANG_WARN_BLOCK_CAPTURE_AUTORELEASING = YES;
				CLANG_WARN_BOOL_CONVERSION = YES;
				CLANG_WARN_COMMA = YES;
				CLANG_WARN_CONSTANT_CONVERSION = YES;
				CLANG_WARN_DEPRECATED_OBJC_IMPLEMENTATIONS = YES;
				CLANG_WARN_DIRECT_OBJC_ISA_USAGE = YES_ERROR;
				CLANG_WARN_DOCUMENTATION_COMMENTS = YES;
				CLANG_WARN_EMPTY_BODY = YES;
				CLANG_WARN_ENUM_CONVERSION = YES;
				CLANG_WARN_INFINITE_RECURSION = YES;
				CLANG_WARN_INT_CONVERSION = YES;
				CLANG_WARN_NON_LITERAL_NULL_CONVERSION = YES;
				CLANG_WARN_OBJC_IMPLICIT_RETAIN_SELF = YES;
				CLANG_WARN_OBJC_LITERAL_CONVERSION = YES;
				CLANG_WARN_OBJC_ROOT_CLASS = YES_ERROR;
				CLANG_WARN_QUOTED_INCLUDE_IN_FRAMEWORK_HEADER = YES;
				CLANG_WARN_RANGE_LOOP_ANALYSIS = YES;
				CLANG_WARN_STRICT_PROTOTYPES = YES;
				CLANG_WARN_SUSPICIOUS_MOVE = YES;
				CLANG_WARN_UNGUARDED_AVAILABILITY = YES_AGGRESSIVE;
				CLANG_WARN_UNREACHABLE_CODE = YES;
				CLANG_WARN__DUPLICATE_METHOD_MATCH = YES;
				COPY_PHASE_STRIP = NO;
				DEBUG_INFORMATION_FORMAT = dwarf;
				ENABLE_STRICT_OBJC_MSGSEND = YES;
				ENABLE_TESTABILITY = YES;
				GCC_C_LANGUAGE_STANDARD = gnu11;
				GCC_DYNAMIC_NO_PIC = NO;
				GCC_NO_COMMON_BLOCKS = YES;
				GCC_OPTIMIZATION_LEVEL = 0;
				GCC_PREPROCESSOR_DEFINITIONS = (
					"DEBUG=1",
					"$(inherited)",
				);
				GCC_WARN_64_TO_32_BIT_CONVERSION = YES;
				GCC_WARN_ABOUT_RETURN_TYPE = YES_ERROR;
				GCC_WARN_UNDECLARED_SELECTOR = YES;
				GCC_WARN_UNINITIALIZED_AUTOS = YES_AGGRESSIVE;
				GCC_WARN_UNUSED_FUNCTION = YES;
				GCC_WARN_UNUSED_VARIABLE = YES;
				MTL_ENABLE_DEBUG_INFO = INCLUDE_SOURCE;
				MTL_FAST_MATH = YES;
				ONLY_ACTIVE_ARCH = YES;
				SWIFT_ACTIVE_COMPILATION_CONDITIONS = DEBUG;
				SWIFT_OPTIMIZATION_LEVEL = "-Onone";
			};
			name = Debug;
		};
		5F22DC8827255DED00BA5DE8 /* Release */ = {
			isa = XCBuildConfiguration;
			buildSettings = {
				ALWAYS_SEARCH_USER_PATHS = NO;
				CLANG_ANALYZER_NONNULL = YES;
				CLANG_ANALYZER_NUMBER_OBJECT_CONVERSION = YES_AGGRESSIVE;
				CLANG_CXX_LANGUAGE_STANDARD = "gnu++14";
				CLANG_CXX_LIBRARY = "libc++";
				CLANG_ENABLE_MODULES = YES;
				CLANG_ENABLE_OBJC_ARC = YES;
				CLANG_ENABLE_OBJC_WEAK = YES;
				CLANG_WARN_BLOCK_CAPTURE_AUTORELEASING = YES;
				CLANG_WARN_BOOL_CONVERSION = YES;
				CLANG_WARN_COMMA = YES;
				CLANG_WARN_CONSTANT_CONVERSION = YES;
				CLANG_WARN_DEPRECATED_OBJC_IMPLEMENTATIONS = YES;
				CLANG_WARN_DIRECT_OBJC_ISA_USAGE = YES_ERROR;
				CLANG_WARN_DOCUMENTATION_COMMENTS = YES;
				CLANG_WARN_EMPTY_BODY = YES;
				CLANG_WARN_ENUM_CONVERSION = YES;
				CLANG_WARN_INFINITE_RECURSION = YES;
				CLANG_WARN_INT_CONVERSION = YES;
				CLANG_WARN_NON_LITERAL_NULL_CONVERSION = YES;
				CLANG_WARN_OBJC_IMPLICIT_RETAIN_SELF = YES;
				CLANG_WARN_OBJC_LITERAL_CONVERSION = YES;
				CLANG_WARN_OBJC_ROOT_CLASS = YES_ERROR;
				CLANG_WARN_QUOTED_INCLUDE_IN_FRAMEWORK_HEADER = YES;
				CLANG_WARN_RANGE_LOOP_ANALYSIS = YES;
				CLANG_WARN_STRICT_PROTOTYPES = YES;
				CLANG_WARN_SUSPICIOUS_MOVE = YES;
				CLANG_WARN_UNGUARDED_AVAILABILITY = YES_AGGRESSIVE;
				CLANG_WARN_UNREACHABLE_CODE = YES;
				CLANG_WARN__DUPLICATE_METHOD_MATCH = YES;
				COPY_PHASE_STRIP = NO;
				DEBUG_INFORMATION_FORMAT = "dwarf-with-dsym";
				ENABLE_NS_ASSERTIONS = NO;
				ENABLE_STRICT_OBJC_MSGSEND = YES;
				GCC_C_LANGUAGE_STANDARD = gnu11;
				GCC_NO_COMMON_BLOCKS = YES;
				GCC_WARN_64_TO_32_BIT_CONVERSION = YES;
				GCC_WARN_ABOUT_RETURN_TYPE = YES_ERROR;
				GCC_WARN_UNDECLARED_SELECTOR = YES;
				GCC_WARN_UNINITIALIZED_AUTOS = YES_AGGRESSIVE;
				GCC_WARN_UNUSED_FUNCTION = YES;
				GCC_WARN_UNUSED_VARIABLE = YES;
				MTL_ENABLE_DEBUG_INFO = NO;
				MTL_FAST_MATH = YES;
				SWIFT_COMPILATION_MODE = wholemodule;
				SWIFT_OPTIMIZATION_LEVEL = "-O";
			};
			name = Release;
		};
		5F22DC8A27255DED00BA5DE8 /* Debug */ = {
			isa = XCBuildConfiguration;
			buildSettings = {
				ASSETCATALOG_COMPILER_APPICON_NAME = AppIcon;
				ASSETCATALOG_COMPILER_GLOBAL_ACCENT_COLOR_NAME = AccentColor;
				CODE_SIGN_ENTITLEMENTS = Configurations/GitHubViewer.entitlements;
				CODE_SIGN_STYLE = Automatic;
				DEVELOPMENT_TEAM = P3T6JXLD8F;
				ENABLE_PREVIEWS = YES;
				INFOPLIST_FILE = Configurations/Info.plist;
				IPHONEOS_DEPLOYMENT_TARGET = 14.0;
				LD_RUNPATH_SEARCH_PATHS = (
					"$(inherited)",
					"@executable_path/Frameworks",
				);
				PRODUCT_BUNDLE_IDENTIFIER = io.github.darquro.GitHubViewer;
				PRODUCT_NAME = GitHubViewer;
				SDKROOT = iphoneos;
				SUPPORTS_MACCATALYST = YES;
				SWIFT_VERSION = 5.0;
				TARGETED_DEVICE_FAMILY = "1,2";
			};
			name = Debug;
		};
		5F22DC8B27255DED00BA5DE8 /* Release */ = {
			isa = XCBuildConfiguration;
			buildSettings = {
				ASSETCATALOG_COMPILER_APPICON_NAME = AppIcon;
				ASSETCATALOG_COMPILER_GLOBAL_ACCENT_COLOR_NAME = AccentColor;
				CODE_SIGN_ENTITLEMENTS = Configurations/GitHubViewer.entitlements;
				CODE_SIGN_STYLE = Automatic;
				DEVELOPMENT_TEAM = P3T6JXLD8F;
				ENABLE_PREVIEWS = YES;
				INFOPLIST_FILE = Configurations/Info.plist;
				IPHONEOS_DEPLOYMENT_TARGET = 14.0;
				LD_RUNPATH_SEARCH_PATHS = (
					"$(inherited)",
					"@executable_path/Frameworks",
				);
				PRODUCT_BUNDLE_IDENTIFIER = io.github.darquro.GitHubViewer;
				PRODUCT_NAME = GitHubViewer;
				SDKROOT = iphoneos;
				SUPPORTS_MACCATALYST = YES;
				SWIFT_VERSION = 5.0;
				TARGETED_DEVICE_FAMILY = "1,2";
				VALIDATE_PRODUCT = YES;
			};
			name = Release;
		};
/* End XCBuildConfiguration section */

/* Begin XCConfigurationList section */
		5F1226B1272D3550002BDA38 /* Build configuration list for PBXNativeTarget "GitHubViewerTests" */ = {
			isa = XCConfigurationList;
			buildConfigurations = (
				5F1226B2272D3550002BDA38 /* Debug */,
				5F1226B3272D3550002BDA38 /* Release */,
			);
			defaultConfigurationIsVisible = 0;
			defaultConfigurationName = Release;
		};
		5F22DC5627255DEA00BA5DE8 /* Build configuration list for PBXProject "GitHubViewer" */ = {
			isa = XCConfigurationList;
			buildConfigurations = (
				5F22DC8727255DED00BA5DE8 /* Debug */,
				5F22DC8827255DED00BA5DE8 /* Release */,
			);
			defaultConfigurationIsVisible = 0;
			defaultConfigurationName = Release;
		};
		5F22DC8927255DED00BA5DE8 /* Build configuration list for PBXNativeTarget "GitHubViewer" */ = {
			isa = XCConfigurationList;
			buildConfigurations = (
				5F22DC8A27255DED00BA5DE8 /* Debug */,
				5F22DC8B27255DED00BA5DE8 /* Release */,
			);
			defaultConfigurationIsVisible = 0;
			defaultConfigurationName = Release;
		};
/* End XCConfigurationList section */

/* Begin XCSwiftPackageProductDependency section */
		5F38FD19273279A700928A66 /* Root */ = {
			isa = XCSwiftPackageProductDependency;
			productName = Root;
		};
/* End XCSwiftPackageProductDependency section */
	};
	rootObject = 5F22DC5327255DEA00BA5DE8 /* Project object */;
}
